// !$*UTF8*$!
{
	archiveVersion = 1;
	classes = {
	};
	objectVersion = 56;
	objects = {

/* Begin PBXBuildFile section */
		D34FB4E328F7B2F100E2F584 /* main.swift in Sources */ = {isa = PBXBuildFile; fileRef = D34FB4E228F7B2F100E2F584 /* main.swift */; };
		D34FB4EA28F7B32300E2F584 /* DABSolver2.swift in Sources */ = {isa = PBXBuildFile; fileRef = D34FB4E928F7B32300E2F584 /* DABSolver2.swift */; };
		D34FB4EC28F7B5ED00E2F584 /* BinaryIntToString.swift in Sources */ = {isa = PBXBuildFile; fileRef = D34FB4EB28F7B5ED00E2F584 /* BinaryIntToString.swift */; };
		D34FB4EE28F7E56700E2F584 /* DABSolver.swift in Sources */ = {isa = PBXBuildFile; fileRef = D34FB4ED28F7E56700E2F584 /* DABSolver.swift */; };
/* End PBXBuildFile section */

/* Begin PBXCopyFilesBuildPhase section */
		D34FB4DD28F7B2F100E2F584 /* CopyFiles */ = {
			isa = PBXCopyFilesBuildPhase;
			buildActionMask = 2147483647;
			dstPath = /usr/share/man/man1/;
			dstSubfolderSpec = 0;
			files = (
			);
			runOnlyForDeploymentPostprocessing = 1;
		};
/* End PBXCopyFilesBuildPhase section */

/* Begin PBXFileReference section */
		D34FB4DF28F7B2F100E2F584 /* DABSolver */ = {isa = PBXFileReference; explicitFileType = "compiled.mach-o.executable"; includeInIndex = 0; path = DABSolver; sourceTree = BUILT_PRODUCTS_DIR; };
		D34FB4E228F7B2F100E2F584 /* main.swift */ = {isa = PBXFileReference; lastKnownFileType = sourcecode.swift; path = main.swift; sourceTree = "<group>"; };
		D34FB4E928F7B32300E2F584 /* DABSolver2.swift */ = {isa = PBXFileReference; lastKnownFileType = sourcecode.swift; path = DABSolver2.swift; sourceTree = "<group>"; };
		D34FB4EB28F7B5ED00E2F584 /* BinaryIntToString.swift */ = {isa = PBXFileReference; lastKnownFileType = sourcecode.swift; path = BinaryIntToString.swift; sourceTree = "<group>"; };
		D34FB4ED28F7E56700E2F584 /* DABSolver.swift */ = {isa = PBXFileReference; lastKnownFileType = sourcecode.swift; path = DABSolver.swift; sourceTree = "<group>"; };
		D3D8F9452901842700525A0B /* todo.txt */ = {isa = PBXFileReference; lastKnownFileType = text; path = todo.txt; sourceTree = "<group>"; };
/* End PBXFileReference section */

/* Begin PBXFrameworksBuildPhase section */
		D34FB4DC28F7B2F100E2F584 /* Frameworks */ = {
			isa = PBXFrameworksBuildPhase;
			buildActionMask = 2147483647;
			files = (
			);
			runOnlyForDeploymentPostprocessing = 0;
		};
/* End PBXFrameworksBuildPhase section */

/* Begin PBXGroup section */
		D34FB4D628F7B2F100E2F584 = {
			isa = PBXGroup;
			children = (
				D34FB4E128F7B2F100E2F584 /* DABSolver */,
				D34FB4E028F7B2F100E2F584 /* Products */,
			);
			sourceTree = "<group>";
		};
		D34FB4E028F7B2F100E2F584 /* Products */ = {
			isa = PBXGroup;
			children = (
				D34FB4DF28F7B2F100E2F584 /* DABSolver */,
			);
			name = Products;
			sourceTree = "<group>";
		};
		D34FB4E128F7B2F100E2F584 /* DABSolver */ = {
			isa = PBXGroup;
			children = (
				D34FB4E228F7B2F100E2F584 /* main.swift */,
				D34FB4E928F7B32300E2F584 /* DABSolver2.swift */,
				D34FB4EB28F7B5ED00E2F584 /* BinaryIntToString.swift */,
				D34FB4ED28F7E56700E2F584 /* DABSolver.swift */,
				D3D8F9452901842700525A0B /* todo.txt */,
			);
			path = DABSolver;
			sourceTree = "<group>";
		};
/* End PBXGroup section */

/* Begin PBXNativeTarget section */
		D34FB4DE28F7B2F100E2F584 /* DABSolver */ = {
			isa = PBXNativeTarget;
			buildConfigurationList = D34FB4E628F7B2F100E2F584 /* Build configuration list for PBXNativeTarget "DABSolver" */;
			buildPhases = (
				D34FB4DB28F7B2F100E2F584 /* Sources */,
				D34FB4DC28F7B2F100E2F584 /* Frameworks */,
				D34FB4DD28F7B2F100E2F584 /* CopyFiles */,
			);
			buildRules = (
			);
			dependencies = (
			);
			name = DABSolver;
			productName = DABSolver;
			productReference = D34FB4DF28F7B2F100E2F584 /* DABSolver */;
			productType = "com.apple.product-type.tool";
		};
/* End PBXNativeTarget section */

/* Begin PBXProject section */
		D34FB4D728F7B2F100E2F584 /* Project object */ = {
			isa = PBXProject;
			attributes = {
				BuildIndependentTargetsInParallel = 1;
				LastSwiftUpdateCheck = 1400;
				LastUpgradeCheck = 1400;
				TargetAttributes = {
					D34FB4DE28F7B2F100E2F584 = {
						CreatedOnToolsVersion = 14.0.1;
					};
				};
			};
			buildConfigurationList = D34FB4DA28F7B2F100E2F584 /* Build configuration list for PBXProject "DABSolver" */;
			compatibilityVersion = "Xcode 14.0";
			developmentRegion = en;
			hasScannedForEncodings = 0;
			knownRegions = (
				en,
				Base,
			);
			mainGroup = D34FB4D628F7B2F100E2F584;
			productRefGroup = D34FB4E028F7B2F100E2F584 /* Products */;
			projectDirPath = "";
			projectRoot = "";
			targets = (
				D34FB4DE28F7B2F100E2F584 /* DABSolver */,
			);
		};
/* End PBXProject section */

/* Begin PBXSourcesBuildPhase section */
		D34FB4DB28F7B2F100E2F584 /* Sources */ = {
			isa = PBXSourcesBuildPhase;
			buildActionMask = 2147483647;
			files = (
				D34FB4EE28F7E56700E2F584 /* DABSolver.swift in Sources */,
				D34FB4EA28F7B32300E2F584 /* DABSolver2.swift in Sources */,
				D34FB4E328F7B2F100E2F584 /* main.swift in Sources */,
				D34FB4EC28F7B5ED00E2F584 /* BinaryIntToString.swift in Sources */,
			);
			runOnlyForDeploymentPostprocessing = 0;
		};
/* End PBXSourcesBuildPhase section */

/* Begin XCBuildConfiguration section */
		D34FB4E428F7B2F100E2F584 /* Debug */ = {
			isa = XCBuildConfiguration;
			buildSettings = {
				ALWAYS_SEARCH_USER_PATHS = NO;
				CLANG_ANALYZER_NONNULL = YES;
				CLANG_ANALYZER_NUMBER_OBJECT_CONVERSION = YES_AGGRESSIVE;
				CLANG_CXX_LANGUAGE_STANDARD = "gnu++20";
				CLANG_ENABLE_MODULES = YES;
				CLANG_ENABLE_OBJC_ARC = YES;
				CLANG_ENABLE_OBJC_WEAK = YES;
				CLANG_WARN_BLOCK_CAPTURE_AUTORELEASING = YES;
				CLANG_WARN_BOOL_CONVERSION = YES;
				CLANG_WARN_COMMA = YES;
				CLANG_WARN_CONSTANT_CONVERSION = YES;
				CLANG_WARN_DEPRECATED_OBJC_IMPLEMENTATIONS = YES;
				CLANG_WARN_DIRECT_OBJC_ISA_USAGE = YES_ERROR;
				CLANG_WARN_DOCUMENTATION_COMMENTS = YES;
				CLANG_WARN_EMPTY_BODY = YES;
				CLANG_WARN_ENUM_CONVERSION = YES;
				CLANG_WARN_INFINITE_RECURSION = YES;
				CLANG_WARN_INT_CONVERSION = YES;
				CLANG_WARN_NON_LITERAL_NULL_CONVERSION = YES;
				CLANG_WARN_OBJC_IMPLICIT_RETAIN_SELF = YES;
				CLANG_WARN_OBJC_LITERAL_CONVERSION = YES;
				CLANG_WARN_OBJC_ROOT_CLASS = YES_ERROR;
				CLANG_WARN_QUOTED_INCLUDE_IN_FRAMEWORK_HEADER = YES;
				CLANG_WARN_RANGE_LOOP_ANALYSIS = YES;
				CLANG_WARN_STRICT_PROTOTYPES = YES;
				CLANG_WARN_SUSPICIOUS_MOVE = YES;
				CLANG_WARN_UNGUARDED_AVAILABILITY = YES_AGGRESSIVE;
				CLANG_WARN_UNREACHABLE_CODE = YES;
				CLANG_WARN__DUPLICATE_METHOD_MATCH = YES;
				COPY_PHASE_STRIP = NO;
				DEBUG_INFORMATION_FORMAT = dwarf;
				ENABLE_STRICT_OBJC_MSGSEND = YES;
				ENABLE_TESTABILITY = YES;
				GCC_C_LANGUAGE_STANDARD = gnu11;
				GCC_DYNAMIC_NO_PIC = NO;
				GCC_NO_COMMON_BLOCKS = YES;
				GCC_OPTIMIZATION_LEVEL = 0;
				GCC_PREPROCESSOR_DEFINITIONS = (
					"DEBUG=1",
					"$(inherited)",
				);
				GCC_WARN_64_TO_32_BIT_CONVERSION = YES;
				GCC_WARN_ABOUT_RETURN_TYPE = YES_ERROR;
				GCC_WARN_UNDECLARED_SELECTOR = YES;
				GCC_WARN_UNINITIALIZED_AUTOS = YES_AGGRESSIVE;
				GCC_WARN_UNUSED_FUNCTION = YES;
				GCC_WARN_UNUSED_VARIABLE = YES;
				MACOSX_DEPLOYMENT_TARGET = 12.3;
				MTL_ENABLE_DEBUG_INFO = INCLUDE_SOURCE;
				MTL_FAST_MATH = YES;
				ONLY_ACTIVE_ARCH = YES;
				SDKROOT = macosx;
				SWIFT_ACTIVE_COMPILATION_CONDITIONS = DEBUG;
				SWIFT_OPTIMIZATION_LEVEL = "-Onone";
			};
			name = Debug;
		};
		D34FB4E528F7B2F100E2F584 /* Release */ = {
			isa = XCBuildConfiguration;
			buildSettings = {
				ALWAYS_SEARCH_USER_PATHS = NO;
				CLANG_ANALYZER_NONNULL = YES;
				CLANG_ANALYZER_NUMBER_OBJECT_CONVERSION = YES_AGGRESSIVE;
				CLANG_CXX_LANGUAGE_STANDARD = "gnu++20";
				CLANG_ENABLE_MODULES = YES;
				CLANG_ENABLE_OBJC_ARC = YES;
				CLANG_ENABLE_OBJC_WEAK = YES;
				CLANG_WARN_BLOCK_CAPTURE_AUTORELEASING = YES;
				CLANG_WARN_BOOL_CONVERSION = YES;
				CLANG_WARN_COMMA = YES;
				CLANG_WARN_CONSTANT_CONVERSION = YES;
				CLANG_WARN_DEPRECATED_OBJC_IMPLEMENTATIONS = YES;
				CLANG_WARN_DIRECT_OBJC_ISA_USAGE = YES_ERROR;
				CLANG_WARN_DOCUMENTATION_COMMENTS = YES;
				CLANG_WARN_EMPTY_BODY = YES;
				CLANG_WARN_ENUM_CONVERSION = YES;
				CLANG_WARN_INFINITE_RECURSION = YES;
				CLANG_WARN_INT_CONVERSION = YES;
				CLANG_WARN_NON_LITERAL_NULL_CONVERSION = YES;
				CLANG_WARN_OBJC_IMPLICIT_RETAIN_SELF = YES;
				CLANG_WARN_OBJC_LITERAL_CONVERSION = YES;
				CLANG_WARN_OBJC_ROOT_CLASS = YES_ERROR;
				CLANG_WARN_QUOTED_INCLUDE_IN_FRAMEWORK_HEADER = YES;
				CLANG_WARN_RANGE_LOOP_ANALYSIS = YES;
				CLANG_WARN_STRICT_PROTOTYPES = YES;
				CLANG_WARN_SUSPICIOUS_MOVE = YES;
				CLANG_WARN_UNGUARDED_AVAILABILITY = YES_AGGRESSIVE;
				CLANG_WARN_UNREACHABLE_CODE = YES;
				CLANG_WARN__DUPLICATE_METHOD_MATCH = YES;
				COPY_PHASE_STRIP = NO;
				DEBUG_INFORMATION_FORMAT = "dwarf-with-dsym";
				ENABLE_NS_ASSERTIONS = NO;
				ENABLE_STRICT_OBJC_MSGSEND = YES;
				GCC_C_LANGUAGE_STANDARD = gnu11;
				GCC_NO_COMMON_BLOCKS = YES;
				GCC_WARN_64_TO_32_BIT_CONVERSION = YES;
				GCC_WARN_ABOUT_RETURN_TYPE = YES_ERROR;
				GCC_WARN_UNDECLARED_SELECTOR = YES;
				GCC_WARN_UNINITIALIZED_AUTOS = YES_AGGRESSIVE;
				GCC_WARN_UNUSED_FUNCTION = YES;
				GCC_WARN_UNUSED_VARIABLE = YES;
				MACOSX_DEPLOYMENT_TARGET = 12.3;
				MTL_ENABLE_DEBUG_INFO = NO;
				MTL_FAST_MATH = YES;
				SDKROOT = macosx;
				SWIFT_COMPILATION_MODE = wholemodule;
				SWIFT_OPTIMIZATION_LEVEL = "-O";
			};
			name = Release;
		};
		D34FB4E728F7B2F100E2F584 /* Debug */ = {
			isa = XCBuildConfiguration;
			buildSettings = {
				CODE_SIGN_STYLE = Automatic;
				DEVELOPMENT_TEAM = Y975RXV2SM;
				ENABLE_HARDENED_RUNTIME = YES;
				PRODUCT_NAME = "$(TARGET_NAME)";
				SWIFT_VERSION = 5.0;
			};
			name = Debug;
		};
		D34FB4E828F7B2F100E2F584 /* Release */ = {
			isa = XCBuildConfiguration;
			buildSettings = {
				CODE_SIGN_STYLE = Automatic;
				DEVELOPMENT_TEAM = Y975RXV2SM;
				ENABLE_HARDENED_RUNTIME = YES;
				PRODUCT_NAME = "$(TARGET_NAME)";
				SWIFT_VERSION = 5.0;
			};
			name = Release;
		};
/* End XCBuildConfiguration section */

/* Begin XCConfigurationList section */
		D34FB4DA28F7B2F100E2F584 /* Build configuration list for PBXProject "DABSolver" */ = {
			isa = XCConfigurationList;
			buildConfigurations = (
				D34FB4E428F7B2F100E2F584 /* Debug */,
				D34FB4E528F7B2F100E2F584 /* Release */,
			);
			defaultConfigurationIsVisible = 0;
			defaultConfigurationName = Release;
		};
		D34FB4E628F7B2F100E2F584 /* Build configuration list for PBXNativeTarget "DABSolver" */ = {
			isa = XCConfigurationList;
			buildConfigurations = (
				D34FB4E728F7B2F100E2F584 /* Debug */,
				D34FB4E828F7B2F100E2F584 /* Release */,
			);
			defaultConfigurationIsVisible = 0;
			defaultConfigurationName = Release;
		};
/* End XCConfigurationList section */
	};
	rootObject = D34FB4D728F7B2F100E2F584 /* Project object */;
}
